
Microsoft Visual Studio Solution File, Format Version 12.00
# Visual Studio Version 16
VisualStudioVersion = 16.0.31729.503
MinimumVisualStudioVersion = 10.0.40219.1
Project("{FAE04EC0-301F-11D3-BF4B-00C04F79EFBC}") = "Employee", "Employee\Employee.csproj", "{E05764AB-0B7C-4894-814A-8C42708A014E}"
EndProject
Global
	GlobalSection(SolutionConfigurationPlatforms) = preSolution
		Debug|Any CPU = Debug|Any CPU
		Release|Any CPU = Release|Any CPU
	EndGlobalSection
	GlobalSection(ProjectConfigurationPlatforms) = postSolution
		{E05764AB-0B7C-4894-814A-8C42708A014E}.Debug|Any CPU.ActiveCfg = Debug|Any CPU
		{E05764AB-0B7C-4894-814A-8C42708A014E}.Debug|Any CPU.Build.0 = Debug|Any CPU
		{E05764AB-0B7C-4894-814A-8C42708A014E}.Release|Any CPU.ActiveCfg = Release|Any CPU
		{E05764AB-0B7C-4894-814A-8C42708A014E}.Release|Any CPU.Build.0 = Release|Any CPU
	EndGlobalSection
	GlobalSection(SolutionProperties) = preSolution
		HideSolutionNode = FALSE
	EndGlobalSection
	GlobalSection(ExtensibilityGlobals) = postSolution
		SolutionGuid = {F4CC5C36-28B5-4819-A692-DD608C44C1AC}
	EndGlobalSection
EndGlobal
